
Microsoft Visual Studio Solution File, Format Version 12.00
# Visual Studio Version 17
VisualStudioVersion = 17.11.35327.3
MinimumVisualStudioVersion = 10.0.40219.1
Project("{8BC9CEB8-8B4A-11D0-8D11-00A0C91BC942}") = "PasswordVault", "PasswordVault\PasswordVault.vcxproj", "{06CCF297-7739-44C6-87AC-32E850F738AA}"
EndProject
Global
	GlobalSection(SolutionConfigurationPlatforms) = preSolution
		Debug|x64 = Debug|x64
		Debug|x86 = Debug|x86
		Release|x64 = Release|x64
		Release|x86 = Release|x86
	EndGlobalSection
	GlobalSection(ProjectConfigurationPlatforms) = postSolution
		{06CCF297-7739-44C6-87AC-32E850F738AA}.Debug|x64.ActiveCfg = Debug|x64
		{06CCF297-7739-44C6-87AC-32E850F738AA}.Debug|x64.Build.0 = Debug|x64
		{06CCF297-7739-44C6-87AC-32E850F738AA}.Debug|x86.ActiveCfg = Debug|Win32
		{06CCF297-7739-44C6-87AC-32E850F738AA}.Debug|x86.Build.0 = Debug|Win32
		{06CCF297-7739-44C6-87AC-32E850F738AA}.Release|x64.ActiveCfg = Release|x64
		{06CCF297-7739-44C6-87AC-32E850F738AA}.Release|x64.Build.0 = Release|x64
		{06CCF297-7739-44C6-87AC-32E850F738AA}.Release|x86.ActiveCfg = Release|Win32
		{06CCF297-7739-44C6-87AC-32E850F738AA}.Release|x86.Build.0 = Release|Win32
	EndGlobalSection
	GlobalSection(SolutionProperties) = preSolution
		HideSolutionNode = FALSE
	EndGlobalSection
	GlobalSection(ExtensibilityGlobals) = postSolution
		SolutionGuid = {DF8E0C49-5E99-47A4-A853-AC1FC5A5F09C}
	EndGlobalSection
EndGlobal
